// !$*UTF8*$!
{
	archiveVersion = 1;
	classes = {
	};
	objectVersion = 50;
	objects = {

/* Begin PBXBuildFile section */
		21892A66250FE71E00DD3C2D /* AppDelegate.swift in Sources */ = {isa = PBXBuildFile; fileRef = 21892A65250FE71E00DD3C2D /* AppDelegate.swift */; };
		21892A68250FE71E00DD3C2D /* SceneDelegate.swift in Sources */ = {isa = PBXBuildFile; fileRef = 21892A67250FE71E00DD3C2D /* SceneDelegate.swift */; };
		21892A6A250FE71E00DD3C2D /* ViewController.swift in Sources */ = {isa = PBXBuildFile; fileRef = 21892A69250FE71E00DD3C2D /* ViewController.swift */; };
		21892A6D250FE71E00DD3C2D /* Main.storyboard in Resources */ = {isa = PBXBuildFile; fileRef = 21892A6B250FE71E00DD3C2D /* Main.storyboard */; };
		21892A6F250FE71F00DD3C2D /* Assets.xcassets in Resources */ = {isa = PBXBuildFile; fileRef = 21892A6E250FE71F00DD3C2D /* Assets.xcassets */; };
		21892A72250FE71F00DD3C2D /* LaunchScreen.storyboard in Resources */ = {isa = PBXBuildFile; fileRef = 21892A70250FE71F00DD3C2D /* LaunchScreen.storyboard */; };
		21892A7A250FEBBD00DD3C2D /* ViewControllerTwo.swift in Sources */ = {isa = PBXBuildFile; fileRef = 21892A79250FEBBD00DD3C2D /* ViewControllerTwo.swift */; };
		21892A7C250FEBC500DD3C2D /* ViewControllerThree.swift in Sources */ = {isa = PBXBuildFile; fileRef = 21892A7B250FEBC500DD3C2D /* ViewControllerThree.swift */; };
		21BFFFA92513D29D0067CFFA /* ColorDelegate.swift in Sources */ = {isa = PBXBuildFile; fileRef = 21BFFFA82513D29D0067CFFA /* ColorDelegate.swift */; };
/* End PBXBuildFile section */

/* Begin PBXFileReference section */
		21892A62250FE71E00DD3C2D /* ThreeScreenExaDataTest_ColinMurphy.app */ = {isa = PBXFileReference; explicitFileType = wrapper.application; includeInIndex = 0; path = ThreeScreenExaDataTest_ColinMurphy.app; sourceTree = BUILT_PRODUCTS_DIR; };
		21892A65250FE71E00DD3C2D /* AppDelegate.swift */ = {isa = PBXFileReference; lastKnownFileType = sourcecode.swift; path = AppDelegate.swift; sourceTree = "<group>"; };
		21892A67250FE71E00DD3C2D /* SceneDelegate.swift */ = {isa = PBXFileReference; lastKnownFileType = sourcecode.swift; path = SceneDelegate.swift; sourceTree = "<group>"; };
		21892A69250FE71E00DD3C2D /* ViewController.swift */ = {isa = PBXFileReference; lastKnownFileType = sourcecode.swift; path = ViewController.swift; sourceTree = "<group>"; };
		21892A6C250FE71E00DD3C2D /* Base */ = {isa = PBXFileReference; lastKnownFileType = file.storyboard; name = Base; path = Base.lproj/Main.storyboard; sourceTree = "<group>"; };
		21892A6E250FE71F00DD3C2D /* Assets.xcassets */ = {isa = PBXFileReference; lastKnownFileType = folder.assetcatalog; path = Assets.xcassets; sourceTree = "<group>"; };
		21892A71250FE71F00DD3C2D /* Base */ = {isa = PBXFileReference; lastKnownFileType = file.storyboard; name = Base; path = Base.lproj/LaunchScreen.storyboard; sourceTree = "<group>"; };
		21892A73250FE71F00DD3C2D /* Info.plist */ = {isa = PBXFileReference; lastKnownFileType = text.plist.xml; path = Info.plist; sourceTree = "<group>"; };
		21892A79250FEBBD00DD3C2D /* ViewControllerTwo.swift */ = {isa = PBXFileReference; lastKnownFileType = sourcecode.swift; path = ViewControllerTwo.swift; sourceTree = "<group>"; };
		21892A7B250FEBC500DD3C2D /* ViewControllerThree.swift */ = {isa = PBXFileReference; lastKnownFileType = sourcecode.swift; path = ViewControllerThree.swift; sourceTree = "<group>"; };
		21BFFFA82513D29D0067CFFA /* ColorDelegate.swift */ = {isa = PBXFileReference; lastKnownFileType = sourcecode.swift; path = ColorDelegate.swift; sourceTree = "<group>"; };
/* End PBXFileReference section */

/* Begin PBXFrameworksBuildPhase section */
		21892A5F250FE71E00DD3C2D /* Frameworks */ = {
			isa = PBXFrameworksBuildPhase;
			buildActionMask = 2147483647;
			files = (
			);
			runOnlyForDeploymentPostprocessing = 0;
		};
/* End PBXFrameworksBuildPhase section */

/* Begin PBXGroup section */
		21892A59250FE71E00DD3C2D = {
			isa = PBXGroup;
			children = (
				21892A64250FE71E00DD3C2D /* ThreeScreenExaDataTest_ColinMurphy */,
				21892A63250FE71E00DD3C2D /* Products */,
			);
			sourceTree = "<group>";
		};
		21892A63250FE71E00DD3C2D /* Products */ = {
			isa = PBXGroup;
			children = (
				21892A62250FE71E00DD3C2D /* ThreeScreenExaDataTest_ColinMurphy.app */,
			);
			name = Products;
			sourceTree = "<group>";
		};
		21892A64250FE71E00DD3C2D /* ThreeScreenExaDataTest_ColinMurphy */ = {
			isa = PBXGroup;
			children = (
				21A715452523EC4A00ABA998 /* Support */,
				21BFFFA72513D28F0067CFFA /* Protocols */,
				21BFFFA62513D27F0067CFFA /* ViewControllers */,
				21A715472523ED2C00ABA998 /* Storyboard */,
			);
			path = ThreeScreenExaDataTest_ColinMurphy;
			sourceTree = "<group>";
		};
		21A715452523EC4A00ABA998 /* Support */ = {
			isa = PBXGroup;
			children = (
				21892A70250FE71F00DD3C2D /* LaunchScreen.storyboard */,
				21892A6E250FE71F00DD3C2D /* Assets.xcassets */,
				21892A73250FE71F00DD3C2D /* Info.plist */,
				21892A65250FE71E00DD3C2D /* AppDelegate.swift */,
				21892A67250FE71E00DD3C2D /* SceneDelegate.swift */,
			);
			path = Support;
			sourceTree = "<group>";
		};
		21A715472523ED2C00ABA998 /* Storyboard */ = {
			isa = PBXGroup;
			children = (
				21892A6B250FE71E00DD3C2D /* Main.storyboard */,
			);
			path = Storyboard;
			sourceTree = "<group>";
		};
		21BFFFA62513D27F0067CFFA /* ViewControllers */ = {
			isa = PBXGroup;
			children = (
				21892A69250FE71E00DD3C2D /* ViewController.swift */,
				21892A79250FEBBD00DD3C2D /* ViewControllerTwo.swift */,
				21892A7B250FEBC500DD3C2D /* ViewControllerThree.swift */,
			);
			path = ViewControllers;
			sourceTree = "<group>";
		};
		21BFFFA72513D28F0067CFFA /* Protocols */ = {
			isa = PBXGroup;
			children = (
				21BFFFA82513D29D0067CFFA /* ColorDelegate.swift */,
			);
			path = Protocols;
			sourceTree = "<group>";
		};
/* End PBXGroup section */

/* Begin PBXNativeTarget section */
		21892A61250FE71E00DD3C2D /* ThreeScreenExaDataTest_ColinMurphy */ = {
			isa = PBXNativeTarget;
			buildConfigurationList = 21892A76250FE71F00DD3C2D /* Build configuration list for PBXNativeTarget "ThreeScreenExaDataTest_ColinMurphy" */;
			buildPhases = (
				21892A5E250FE71E00DD3C2D /* Sources */,
				21892A5F250FE71E00DD3C2D /* Frameworks */,
				21892A60250FE71E00DD3C2D /* Resources */,
			);
			buildRules = (
			);
			dependencies = (
			);
			name = ThreeScreenExaDataTest_ColinMurphy;
			productName = ThreeScreenExaDataTest_ColinMurphy;
			productReference = 21892A62250FE71E00DD3C2D /* ThreeScreenExaDataTest_ColinMurphy.app */;
			productType = "com.apple.product-type.application";
		};
/* End PBXNativeTarget section */

/* Begin PBXProject section */
		21892A5A250FE71E00DD3C2D /* Project object */ = {
			isa = PBXProject;
			attributes = {
				LastSwiftUpdateCheck = 1170;
				LastUpgradeCheck = 1170;
				ORGANIZATIONNAME = "Colin Murphy";
				TargetAttributes = {
					21892A61250FE71E00DD3C2D = {
						CreatedOnToolsVersion = 11.7;
					};
				};
			};
			buildConfigurationList = 21892A5D250FE71E00DD3C2D /* Build configuration list for PBXProject "ThreeScreenExaDataTest_ColinMurphy" */;
			compatibilityVersion = "Xcode 9.3";
			developmentRegion = en;
			hasScannedForEncodings = 0;
			knownRegions = (
				en,
				Base,
			);
			mainGroup = 21892A59250FE71E00DD3C2D;
			productRefGroup = 21892A63250FE71E00DD3C2D /* Products */;
			projectDirPath = "";
			projectRoot = "";
			targets = (
				21892A61250FE71E00DD3C2D /* ThreeScreenExaDataTest_ColinMurphy */,
			);
		};
/* End PBXProject section */

/* Begin PBXResourcesBuildPhase section */
		21892A60250FE71E00DD3C2D /* Resources */ = {
			isa = PBXResourcesBuildPhase;
			buildActionMask = 2147483647;
			files = (
				21892A72250FE71F00DD3C2D /* LaunchScreen.storyboard in Resources */,
				21892A6F250FE71F00DD3C2D /* Assets.xcassets in Resources */,
				21892A6D250FE71E00DD3C2D /* Main.storyboard in Resources */,
			);
			runOnlyForDeploymentPostprocessing = 0;
		};
/* End PBXResourcesBuildPhase section */

/* Begin PBXSourcesBuildPhase section */
		21892A5E250FE71E00DD3C2D /* Sources */ = {
			isa = PBXSourcesBuildPhase;
			buildActionMask = 2147483647;
			files = (
				21892A7C250FEBC500DD3C2D /* ViewControllerThree.swift in Sources */,
				21892A6A250FE71E00DD3C2D /* ViewController.swift in Sources */,
				21BFFFA92513D29D0067CFFA /* ColorDelegate.swift in Sources */,
				21892A66250FE71E00DD3C2D /* AppDelegate.swift in Sources */,
				21892A68250FE71E00DD3C2D /* SceneDelegate.swift in Sources */,
				21892A7A250FEBBD00DD3C2D /* ViewControllerTwo.swift in Sources */,
			);
			runOnlyForDeploymentPostprocessing = 0;
		};
/* End PBXSourcesBuildPhase section */

/* Begin PBXVariantGroup section */
		21892A6B250FE71E00DD3C2D /* Main.storyboard */ = {
			isa = PBXVariantGroup;
			children = (
				21892A6C250FE71E00DD3C2D /* Base */,
			);
			name = Main.storyboard;
			sourceTree = "<group>";
		};
		21892A70250FE71F00DD3C2D /* LaunchScreen.storyboard */ = {
			isa = PBXVariantGroup;
			children = (
				21892A71250FE71F00DD3C2D /* Base */,
			);
			name = LaunchScreen.storyboard;
			sourceTree = "<group>";
		};
/* End PBXVariantGroup section */

/* Begin XCBuildConfiguration section */
		21892A74250FE71F00DD3C2D /* Debug */ = {
			isa = XCBuildConfiguration;
			buildSettings = {
				ALWAYS_SEARCH_USER_PATHS = NO;
				CLANG_ANALYZER_NONNULL = YES;
				CLANG_ANALYZER_NUMBER_OBJECT_CONVERSION = YES_AGGRESSIVE;
				CLANG_CXX_LANGUAGE_STANDARD = "gnu++14";
				CLANG_CXX_LIBRARY = "libc++";
				CLANG_ENABLE_MODULES = YES;
				CLANG_ENABLE_OBJC_ARC = YES;
				CLANG_ENABLE_OBJC_WEAK = YES;
				CLANG_WARN_BLOCK_CAPTURE_AUTORELEASING = YES;
				CLANG_WARN_BOOL_CONVERSION = YES;
				CLANG_WARN_COMMA = YES;
				CLANG_WARN_CONSTANT_CONVERSION = YES;
				CLANG_WARN_DEPRECATED_OBJC_IMPLEMENTATIONS = YES;
				CLANG_WARN_DIRECT_OBJC_ISA_USAGE = YES_ERROR;
				CLANG_WARN_DOCUMENTATION_COMMENTS = YES;
				CLANG_WARN_EMPTY_BODY = YES;
				CLANG_WARN_ENUM_CONVERSION = YES;
				CLANG_WARN_INFINITE_RECURSION = YES;
				CLANG_WARN_INT_CONVERSION = YES;
				CLANG_WARN_NON_LITERAL_NULL_CONVERSION = YES;
				CLANG_WARN_OBJC_IMPLICIT_RETAIN_SELF = YES;
				CLANG_WARN_OBJC_LITERAL_CONVERSION = YES;
				CLANG_WARN_OBJC_ROOT_CLASS = YES_ERROR;
				CLANG_WARN_RANGE_LOOP_ANALYSIS = YES;
				CLANG_WARN_STRICT_PROTOTYPES = YES;
				CLANG_WARN_SUSPICIOUS_MOVE = YES;
				CLANG_WARN_UNGUARDED_AVAILABILITY = YES_AGGRESSIVE;
				CLANG_WARN_UNREACHABLE_CODE = YES;
				CLANG_WARN__DUPLICATE_METHOD_MATCH = YES;
				COPY_PHASE_STRIP = NO;
				DEBUG_INFORMATION_FORMAT = dwarf;
				ENABLE_STRICT_OBJC_MSGSEND = YES;
				ENABLE_TESTABILITY = YES;
				GCC_C_LANGUAGE_STANDARD = gnu11;
				GCC_DYNAMIC_NO_PIC = NO;
				GCC_NO_COMMON_BLOCKS = YES;
				GCC_OPTIMIZATION_LEVEL = 0;
				GCC_PREPROCESSOR_DEFINITIONS = (
					"DEBUG=1",
					"$(inherited)",
				);
				GCC_WARN_64_TO_32_BIT_CONVERSION = YES;
				GCC_WARN_ABOUT_RETURN_TYPE = YES_ERROR;
				GCC_WARN_UNDECLARED_SELECTOR = YES;
				GCC_WARN_UNINITIALIZED_AUTOS = YES_AGGRESSIVE;
				GCC_WARN_UNUSED_FUNCTION = YES;
				GCC_WARN_UNUSED_VARIABLE = YES;
				IPHONEOS_DEPLOYMENT_TARGET = 13.7;
				MTL_ENABLE_DEBUG_INFO = INCLUDE_SOURCE;
				MTL_FAST_MATH = YES;
				ONLY_ACTIVE_ARCH = YES;
				SDKROOT = iphoneos;
				SWIFT_ACTIVE_COMPILATION_CONDITIONS = DEBUG;
				SWIFT_OPTIMIZATION_LEVEL = "-Onone";
			};
			name = Debug;
		};
		21892A75250FE71F00DD3C2D /* Release */ = {
			isa = XCBuildConfiguration;
			buildSettings = {
				ALWAYS_SEARCH_USER_PATHS = NO;
				CLANG_ANALYZER_NONNULL = YES;
				CLANG_ANALYZER_NUMBER_OBJECT_CONVERSION = YES_AGGRESSIVE;
				CLANG_CXX_LANGUAGE_STANDARD = "gnu++14";
				CLANG_CXX_LIBRARY = "libc++";
				CLANG_ENABLE_MODULES = YES;
				CLANG_ENABLE_OBJC_ARC = YES;
				CLANG_ENABLE_OBJC_WEAK = YES;
				CLANG_WARN_BLOCK_CAPTURE_AUTORELEASING = YES;
				CLANG_WARN_BOOL_CONVERSION = YES;
				CLANG_WARN_COMMA = YES;
				CLANG_WARN_CONSTANT_CONVERSION = YES;
				CLANG_WARN_DEPRECATED_OBJC_IMPLEMENTATIONS = YES;
				CLANG_WARN_DIRECT_OBJC_ISA_USAGE = YES_ERROR;
				CLANG_WARN_DOCUMENTATION_COMMENTS = YES;
				CLANG_WARN_EMPTY_BODY = YES;
				CLANG_WARN_ENUM_CONVERSION = YES;
				CLANG_WARN_INFINITE_RECURSION = YES;
				CLANG_WARN_INT_CONVERSION = YES;
				CLANG_WARN_NON_LITERAL_NULL_CONVERSION = YES;
				CLANG_WARN_OBJC_IMPLICIT_RETAIN_SELF = YES;
				CLANG_WARN_OBJC_LITERAL_CONVERSION = YES;
				CLANG_WARN_OBJC_ROOT_CLASS = YES_ERROR;
				CLANG_WARN_RANGE_LOOP_ANALYSIS = YES;
				CLANG_WARN_STRICT_PROTOTYPES = YES;
				CLANG_WARN_SUSPICIOUS_MOVE = YES;
				CLANG_WARN_UNGUARDED_AVAILABILITY = YES_AGGRESSIVE;
				CLANG_WARN_UNREACHABLE_CODE = YES;
				CLANG_WARN__DUPLICATE_METHOD_MATCH = YES;
				COPY_PHASE_STRIP = NO;
				DEBUG_INFORMATION_FORMAT = "dwarf-with-dsym";
				ENABLE_NS_ASSERTIONS = NO;
				ENABLE_STRICT_OBJC_MSGSEND = YES;
				GCC_C_LANGUAGE_STANDARD = gnu11;
				GCC_NO_COMMON_BLOCKS = YES;
				GCC_WARN_64_TO_32_BIT_CONVERSION = YES;
				GCC_WARN_ABOUT_RETURN_TYPE = YES_ERROR;
				GCC_WARN_UNDECLARED_SELECTOR = YES;
				GCC_WARN_UNINITIALIZED_AUTOS = YES_AGGRESSIVE;
				GCC_WARN_UNUSED_FUNCTION = YES;
				GCC_WARN_UNUSED_VARIABLE = YES;
				IPHONEOS_DEPLOYMENT_TARGET = 13.7;
				MTL_ENABLE_DEBUG_INFO = NO;
				MTL_FAST_MATH = YES;
				SDKROOT = iphoneos;
				SWIFT_COMPILATION_MODE = wholemodule;
				SWIFT_OPTIMIZATION_LEVEL = "-O";
				VALIDATE_PRODUCT = YES;
			};
			name = Release;
		};
		21892A77250FE71F00DD3C2D /* Debug */ = {
			isa = XCBuildConfiguration;
			buildSettings = {
				ASSETCATALOG_COMPILER_APPICON_NAME = AppIcon;
				CODE_SIGN_STYLE = Automatic;
				DEVELOPMENT_TEAM = 69P6K7C2T4;
				INFOPLIST_FILE = ThreeScreenExaDataTest_ColinMurphy/Support/Info.plist;
				LD_RUNPATH_SEARCH_PATHS = (
					"$(inherited)",
					"@executable_path/Frameworks",
				);
				PRODUCT_BUNDLE_IDENTIFIER = "com.colinmurphy.ThreeScreenExaDataTest-ColinMurphy";
				PRODUCT_NAME = "$(TARGET_NAME)";
				SWIFT_VERSION = 5.0;
				TARGETED_DEVICE_FAMILY = "1,2";
			};
			name = Debug;
		};
		21892A78250FE71F00DD3C2D /* Release */ = {
			isa = XCBuildConfiguration;
			buildSettings = {
				ASSETCATALOG_COMPILER_APPICON_NAME = AppIcon;
				CODE_SIGN_STYLE = Automatic;
				DEVELOPMENT_TEAM = 69P6K7C2T4;
				INFOPLIST_FILE = ThreeScreenExaDataTest_ColinMurphy/Support/Info.plist;
				LD_RUNPATH_SEARCH_PATHS = (
					"$(inherited)",
					"@executable_path/Frameworks",
				);
				PRODUCT_BUNDLE_IDENTIFIER = "com.colinmurphy.ThreeScreenExaDataTest-ColinMurphy";
				PRODUCT_NAME = "$(TARGET_NAME)";
				SWIFT_VERSION = 5.0;
				TARGETED_DEVICE_FAMILY = "1,2";
			};
			name = Release;
		};
/* End XCBuildConfiguration section */

/* Begin XCConfigurationList section */
		21892A5D250FE71E00DD3C2D /* Build configuration list for PBXProject "ThreeScreenExaDataTest_ColinMurphy" */ = {
			isa = XCConfigurationList;
			buildConfigurations = (
				21892A74250FE71F00DD3C2D /* Debug */,
				21892A75250FE71F00DD3C2D /* Release */,
			);
			defaultConfigurationIsVisible = 0;
			defaultConfigurationName = Release;
		};
		21892A76250FE71F00DD3C2D /* Build configuration list for PBXNativeTarget "ThreeScreenExaDataTest_ColinMurphy" */ = {
			isa = XCConfigurationList;
			buildConfigurations = (
				21892A77250FE71F00DD3C2D /* Debug */,
				21892A78250FE71F00DD3C2D /* Release */,
			);
			defaultConfigurationIsVisible = 0;
			defaultConfigurationName = Release;
		};
/* End XCConfigurationList section */
	};
	rootObject = 21892A5A250FE71E00DD3C2D /* Project object */;
}
